// !$*UTF8*$!
{
	archiveVersion = 1;
	classes = {
	};
	objectVersion = 45;
	objects = {

/* Begin PBXBuildFile section */
		7013F75A1523A96A0082C1C5 /* hidmap_osx.c in Sources */ = {isa = PBXBuildFile; fileRef = 7013F7591523A96A0082C1C5 /* hidmap_osx.c */; };
		70A74EF51517D10900B08F0B /* hid.c in Sources */ = {isa = PBXBuildFile; fileRef = 70A74EF41517D10900B08F0B /* hid.c */; };
		70A7502B151A370C00B08F0B /* HID_Utilities.c in Sources */ = {isa = PBXBuildFile; fileRef = 70A75022151A370C00B08F0B /* HID_Utilities.c */; };
		70A7502C151A370C00B08F0B /* ImmrHIDUtilAddOn.c in Sources */ = {isa = PBXBuildFile; fileRef = 70A75024151A370C00B08F0B /* ImmrHIDUtilAddOn.c */; };
		70A7502D151A370C00B08F0B /* IOHIDDevice_.c in Sources */ = {isa = PBXBuildFile; fileRef = 70A75026151A370C00B08F0B /* IOHIDDevice_.c */; };
		70A7502E151A370C00B08F0B /* IOHIDElement_.c in Sources */ = {isa = PBXBuildFile; fileRef = 70A75028151A370C00B08F0B /* IOHIDElement_.c */; };
		70EC644A1513962D0037C5FC /* hidmap.c in Sources */ = {isa = PBXBuildFile; fileRef = 70EC64481513962D0037C5FC /* hidmap.c */; };
		70EC64FD1513A9780037C5FC /* IOKit.framework in Frameworks */ = {isa = PBXBuildFile; fileRef = 70EC64FC1513A9780037C5FC /* IOKit.framework */; };
		70EC65011513A9900037C5FC /* CoreFoundation.framework in Frameworks */ = {isa = PBXBuildFile; fileRef = 70EC65001513A9900037C5FC /* CoreFoundation.framework */; };
/* End PBXBuildFile section */

/* Begin PBXCopyFilesBuildPhase section */
		8DD76F690486A84900D96B5E /* CopyFiles */ = {
			isa = PBXCopyFilesBuildPhase;
			buildActionMask = 8;
			dstPath = /usr/share/man/man1/;
			dstSubfolderSpec = 0;
			files = (
			);
			runOnlyForDeploymentPostprocessing = 1;
		};
/* End PBXCopyFilesBuildPhase section */

/* Begin PBXFileReference section */
		7013F7581523A96A0082C1C5 /* hidmap_osx.h */ = {isa = PBXFileReference; fileEncoding = 4; lastKnownFileType = sourcecode.c.h; path = hidmap_osx.h; sourceTree = "<group>"; };
		7013F7591523A96A0082C1C5 /* hidmap_osx.c */ = {isa = PBXFileReference; fileEncoding = 4; lastKnownFileType = sourcecode.c.c; path = hidmap_osx.c; sourceTree = "<group>"; };
		70A74EF41517D10900B08F0B /* hid.c */ = {isa = PBXFileReference; fileEncoding = 4; lastKnownFileType = sourcecode.c.c; name = hid.c; path = ../hidapi/mac/hid.c; sourceTree = SOURCE_ROOT; };
		70A74EF61517D10F00B08F0B /* hidapi.h */ = {isa = PBXFileReference; fileEncoding = 4; lastKnownFileType = sourcecode.c.h; name = hidapi.h; path = ../hidapi/hidapi/hidapi.h; sourceTree = SOURCE_ROOT; };
		70A75022151A370C00B08F0B /* HID_Utilities.c */ = {isa = PBXFileReference; fileEncoding = 4; lastKnownFileType = sourcecode.c.c; path = HID_Utilities.c; sourceTree = "<group>"; };
		70A75023151A370C00B08F0B /* HID_Utilities.h */ = {isa = PBXFileReference; fileEncoding = 4; lastKnownFileType = sourcecode.c.h; path = HID_Utilities.h; sourceTree = "<group>"; };
		70A75024151A370C00B08F0B /* ImmrHIDUtilAddOn.c */ = {isa = PBXFileReference; fileEncoding = 4; lastKnownFileType = sourcecode.c.c; path = ImmrHIDUtilAddOn.c; sourceTree = "<group>"; };
		70A75025151A370C00B08F0B /* ImmrHIDUtilAddOn.h */ = {isa = PBXFileReference; fileEncoding = 4; lastKnownFileType = sourcecode.c.h; path = ImmrHIDUtilAddOn.h; sourceTree = "<group>"; };
		70A75026151A370C00B08F0B /* IOHIDDevice_.c */ = {isa = PBXFileReference; fileEncoding = 4; lastKnownFileType = sourcecode.c.c; path = IOHIDDevice_.c; sourceTree = "<group>"; };
		70A75027151A370C00B08F0B /* IOHIDDevice_.h */ = {isa = PBXFileReference; fileEncoding = 4; lastKnownFileType = sourcecode.c.h; path = IOHIDDevice_.h; sourceTree = "<group>"; };
		70A75028151A370C00B08F0B /* IOHIDElement_.c */ = {isa = PBXFileReference; fileEncoding = 4; lastKnownFileType = sourcecode.c.c; path = IOHIDElement_.c; sourceTree = "<group>"; };
		70A75029151A370C00B08F0B /* IOHIDElement_.h */ = {isa = PBXFileReference; fileEncoding = 4; lastKnownFileType = sourcecode.c.h; path = IOHIDElement_.h; sourceTree = "<group>"; };
		70A7502A151A370C00B08F0B /* IOHIDLib_.h */ = {isa = PBXFileReference; fileEncoding = 4; lastKnownFileType = sourcecode.c.h; path = IOHIDLib_.h; sourceTree = "<group>"; };
		70EC64481513962D0037C5FC /* hidmap.c */ = {isa = PBXFileReference; fileEncoding = 4; lastKnownFileType = sourcecode.c.c; path = hidmap.c; sourceTree = "<group>"; };
		70EC64491513962D0037C5FC /* hidmap.h */ = {isa = PBXFileReference; fileEncoding = 4; lastKnownFileType = sourcecode.c.h; path = hidmap.h; sourceTree = "<group>"; };
		70EC64B81513A7170037C5FC /* hidmap */ = {isa = PBXFileReference; explicitFileType = "compiled.mach-o.executable"; includeInIndex = 0; path = hidmap; sourceTree = BUILT_PRODUCTS_DIR; };
		70EC64FC1513A9780037C5FC /* IOKit.framework */ = {isa = PBXFileReference; lastKnownFileType = wrapper.framework; name = IOKit.framework; path = /System/Library/Frameworks/IOKit.framework; sourceTree = "<absolute>"; };
		70EC65001513A9900037C5FC /* CoreFoundation.framework */ = {isa = PBXFileReference; lastKnownFileType = wrapper.framework; name = CoreFoundation.framework; path = /System/Library/Frameworks/CoreFoundation.framework; sourceTree = "<absolute>"; };
/* End PBXFileReference section */

/* Begin PBXFrameworksBuildPhase section */
		8DD76F660486A84900D96B5E /* Frameworks */ = {
			isa = PBXFrameworksBuildPhase;
			buildActionMask = 2147483647;
			files = (
				70EC64FD1513A9780037C5FC /* IOKit.framework in Frameworks */,
				70EC65011513A9900037C5FC /* CoreFoundation.framework in Frameworks */,
			);
			runOnlyForDeploymentPostprocessing = 0;
		};
/* End PBXFrameworksBuildPhase section */

/* Begin PBXGroup section */
		08FB7794FE84155DC02AAC07 /* mididmap */ = {
			isa = PBXGroup;
			children = (
				7013F7581523A96A0082C1C5 /* hidmap_osx.h */,
				7013F7591523A96A0082C1C5 /* hidmap_osx.c */,
				70EC64481513962D0037C5FC /* hidmap.c */,
				70EC64491513962D0037C5FC /* hidmap.h */,
				70A74EF61517D10F00B08F0B /* hidapi.h */,
				70A74EF41517D10900B08F0B /* hid.c */,
				70A75022151A370C00B08F0B /* HID_Utilities.c */,
				70A75023151A370C00B08F0B /* HID_Utilities.h */,
				70A75024151A370C00B08F0B /* ImmrHIDUtilAddOn.c */,
				70A75025151A370C00B08F0B /* ImmrHIDUtilAddOn.h */,
				70A75026151A370C00B08F0B /* IOHIDDevice_.c */,
				70A75027151A370C00B08F0B /* IOHIDDevice_.h */,
				70A75028151A370C00B08F0B /* IOHIDElement_.c */,
				70A75029151A370C00B08F0B /* IOHIDElement_.h */,
				70A7502A151A370C00B08F0B /* IOHIDLib_.h */,
				70A19DC8142A4EC3008D876C /* Headers */,
				08FB7795FE84155DC02AAC07 /* Source */,
				C6859E8C029090F304C91782 /* Documentation */,
				1AB674ADFE9D54B511CA2CBB /* Products */,
				70EC64FC1513A9780037C5FC /* IOKit.framework */,
				70EC65001513A9900037C5FC /* CoreFoundation.framework */,
			);
			name = mididmap;
			sourceTree = "<group>";
		};
		08FB7795FE84155DC02AAC07 /* Source */ = {
			isa = PBXGroup;
			children = (
			);
			name = Source;
			sourceTree = "<group>";
		};
		1AB674ADFE9D54B511CA2CBB /* Products */ = {
			isa = PBXGroup;
			children = (
				70EC64B81513A7170037C5FC /* hidmap */,
			);
			name = Products;
			sourceTree = "<group>";
		};
		70A19DC8142A4EC3008D876C /* Headers */ = {
			isa = PBXGroup;
			children = (
			);
			name = Headers;
			sourceTree = "<group>";
		};
		C6859E8C029090F304C91782 /* Documentation */ = {
			isa = PBXGroup;
			children = (
			);
			name = Documentation;
			sourceTree = "<group>";
		};
/* End PBXGroup section */

/* Begin PBXNativeTarget section */
		8DD76F620486A84900D96B5E /* hidmap */ = {
			isa = PBXNativeTarget;
			buildConfigurationList = 1DEB923108733DC60010E9CD /* Build configuration list for PBXNativeTarget "hidmap" */;
			buildPhases = (
				8DD76F640486A84900D96B5E /* Sources */,
				8DD76F660486A84900D96B5E /* Frameworks */,
				8DD76F690486A84900D96B5E /* CopyFiles */,
			);
			buildRules = (
			);
			dependencies = (
			);
			name = hidmap;
			productInstallPath = "$(HOME)/bin";
			productName = mididmap;
			productReference = 70EC64B81513A7170037C5FC /* hidmap */;
			productType = "com.apple.product-type.tool";
		};
/* End PBXNativeTarget section */

/* Begin PBXProject section */
		08FB7793FE84155DC02AAC07 /* Project object */ = {
			isa = PBXProject;
			buildConfigurationList = 1DEB923508733DC60010E9CD /* Build configuration list for PBXProject "hidmap" */;
			compatibilityVersion = "Xcode 3.1";
			developmentRegion = English;
			hasScannedForEncodings = 1;
			knownRegions = (
				English,
				Japanese,
				French,
				German,
			);
			mainGroup = 08FB7794FE84155DC02AAC07 /* mididmap */;
			projectDirPath = "";
			projectRoot = "";
			targets = (
				8DD76F620486A84900D96B5E /* hidmap */,
			);
		};
/* End PBXProject section */

/* Begin PBXSourcesBuildPhase section */
		8DD76F640486A84900D96B5E /* Sources */ = {
			isa = PBXSourcesBuildPhase;
			buildActionMask = 2147483647;
			files = (
				70EC644A1513962D0037C5FC /* hidmap.c in Sources */,
				70A74EF51517D10900B08F0B /* hid.c in Sources */,
				70A7502B151A370C00B08F0B /* HID_Utilities.c in Sources */,
				70A7502C151A370C00B08F0B /* ImmrHIDUtilAddOn.c in Sources */,
				70A7502D151A370C00B08F0B /* IOHIDDevice_.c in Sources */,
				70A7502E151A370C00B08F0B /* IOHIDElement_.c in Sources */,
				7013F75A1523A96A0082C1C5 /* hidmap_osx.c in Sources */,
			);
			runOnlyForDeploymentPostprocessing = 0;
		};
/* End PBXSourcesBuildPhase section */

/* Begin XCBuildConfiguration section */
		1DEB923208733DC60010E9CD /* Debug */ = {
			isa = XCBuildConfiguration;
			buildSettings = {
				ALWAYS_SEARCH_USER_PATHS = NO;
				COPY_PHASE_STRIP = NO;
				GCC_DYNAMIC_NO_PIC = NO;
				GCC_ENABLE_FIX_AND_CONTINUE = YES;
				GCC_MODEL_TUNING = G5;
				GCC_OPTIMIZATION_LEVEL = 0;
				HEADER_SEARCH_PATHS = (
					./../libmapper/include/,
					./../liblo,
				);
				INSTALL_PATH = /usr/local/bin;
				LIBRARY_SEARCH_PATHS = "$(inherited)";
				OTHER_LDFLAGS = (
					"/usr/local/lib/libmapper-0.dylib",
					/usr/local/lib/liblo.dylib,
				);
				PRODUCT_NAME = hidmap;
			};
			name = Debug;
		};
		1DEB923308733DC60010E9CD /* Release */ = {
			isa = XCBuildConfiguration;
			buildSettings = {
				ALWAYS_SEARCH_USER_PATHS = NO;
				DEBUG_INFORMATION_FORMAT = "dwarf-with-dsym";
				GCC_MODEL_TUNING = G5;
				HEADER_SEARCH_PATHS = (
					./../libmapper/include/,
					./../liblo,
				);
				INSTALL_PATH = /usr/local/bin;
				LIBRARY_SEARCH_PATHS = "$(inherited)";
				PRODUCT_NAME = hidmap;
			};
			name = Release;
		};
		1DEB923608733DC60010E9CD /* Debug */ = {
			isa = XCBuildConfiguration;
			buildSettings = {
				ARCHS = "$(ARCHS_STANDARD_32_64_BIT)";
				GCC_C_LANGUAGE_STANDARD = gnu99;
				GCC_OPTIMIZATION_LEVEL = 0;
				GCC_WARN_ABOUT_RETURN_TYPE = YES;
				GCC_WARN_UNUSED_VARIABLE = YES;
				ONLY_ACTIVE_ARCH = YES;
				PREBINDING = NO;
				SDKROOT = macosx10.6;
			};
			name = Debug;
		};
		1DEB923708733DC60010E9CD /* Release */ = {
			isa = XCBuildConfiguration;
			buildSettings = {
				ARCHS = "$(ARCHS_STANDARD_32_64_BIT)";
				GCC_C_LANGUAGE_STANDARD = gnu99;
				GCC_WARN_ABOUT_RETURN_TYPE = YES;
				GCC_WARN_UNUSED_VARIABLE = YES;
				PREBINDING = NO;
				SDKROOT = macosx10.6;
			};
			name = Release;
		};
/* End XCBuildConfiguration section */

/* Begin XCConfigurationList section */
		1DEB923108733DC60010E9CD /* Build configuration list for PBXNativeTarget "hidmap" */ = {
			isa = XCConfigurationList;
			buildConfigurations = (
				1DEB923208733DC60010E9CD /* Debug */,
				1DEB923308733DC60010E9CD /* Release */,
			);
			defaultConfigurationIsVisible = 0;
			defaultConfigurationName = Release;
		};
		1DEB923508733DC60010E9CD /* Build configuration list for PBXProject "hidmap" */ = {
			isa = XCConfigurationList;
			buildConfigurations = (
				1DEB923608733DC60010E9CD /* Debug */,
				1DEB923708733DC60010E9CD /* Release */,
			);
			defaultConfigurationIsVisible = 0;
			defaultConfigurationName = Release;
		};
/* End XCConfigurationList section */
	};
	rootObject = 08FB7793FE84155DC02AAC07 /* Project object */;
}
